
Microsoft Visual Studio Solution File, Format Version 11.00
# Visual Studio 2010
Project("{FAE04EC0-301F-11D3-BF4B-00C04F79EFBC}") = "Assembly-CSharp-firstpass", "Assembly-CSharp-firstpass.csproj", "{311e8242-7db9-eeb1-387c-86f351dc63bc}"
EndProject
Project("{FAE04EC0-301F-11D3-BF4B-00C04F79EFBC}") = "Assembly-CSharp", "Assembly-CSharp.csproj", "{e82b2f50-c9a5-70b5-65d9-08b3a3cc947e}"
EndProject
Project("{FAE04EC0-301F-11D3-BF4B-00C04F79EFBC}") = "Assembly-CSharp-Editor-firstpass", "Assembly-CSharp-Editor-firstpass.csproj", "{96fd987f-dd5e-1fe1-1958-3f9a5a97f6a3}"
EndProject
Project("{FAE04EC0-301F-11D3-BF4B-00C04F79EFBC}") = "Assembly-CSharp-Editor", "Assembly-CSharp-Editor.csproj", "{6b656b87-765d-8d53-4b8f-56375d740adf}"
EndProject
Global
	GlobalSection(SolutionConfigurationPlatforms) = preSolution
		Debug|Any CPU = Debug|Any CPU
	EndGlobalSection
	GlobalSection(ProjectConfigurationPlatforms) = postSolution
		{311e8242-7db9-eeb1-387c-86f351dc63bc}.Debug|Any CPU.ActiveCfg = Debug|Any CPU
		{311e8242-7db9-eeb1-387c-86f351dc63bc}.Debug|Any CPU.Build.0 = Debug|Any CPU
		{e82b2f50-c9a5-70b5-65d9-08b3a3cc947e}.Debug|Any CPU.ActiveCfg = Debug|Any CPU
		{e82b2f50-c9a5-70b5-65d9-08b3a3cc947e}.Debug|Any CPU.Build.0 = Debug|Any CPU
		{96fd987f-dd5e-1fe1-1958-3f9a5a97f6a3}.Debug|Any CPU.ActiveCfg = Debug|Any CPU
		{96fd987f-dd5e-1fe1-1958-3f9a5a97f6a3}.Debug|Any CPU.Build.0 = Debug|Any CPU
		{6b656b87-765d-8d53-4b8f-56375d740adf}.Debug|Any CPU.ActiveCfg = Debug|Any CPU
		{6b656b87-765d-8d53-4b8f-56375d740adf}.Debug|Any CPU.Build.0 = Debug|Any CPU
	EndGlobalSection
	GlobalSection(SolutionProperties) = preSolution
		HideSolutionNode = FALSE
	EndGlobalSection
EndGlobal
